
Microsoft Visual Studio Solution File, Format Version 12.00
# Visual Studio 15
VisualStudioVersion = 15.0.28307.572
MinimumVisualStudioVersion = 10.0.40219.1
Project("{FAE04EC0-301F-11D3-BF4B-00C04F79EFBC}") = "WeatherApplication", "WeatherApplication\WeatherApplication.csproj", "{A6449BC0-2724-4FBE-AD41-E748FC7B3ADD}"
EndProject
Project("{FAE04EC0-301F-11D3-BF4B-00C04F79EFBC}") = "WeatherApplicationTest", "WeatherApplicationTest\WeatherApplicationTest.csproj", "{DA0B32F4-6D5A-4466-8EBF-C7E694D2D930}"
EndProject
Global
	GlobalSection(SolutionConfigurationPlatforms) = preSolution
		Debug|Any CPU = Debug|Any CPU
		Release|Any CPU = Release|Any CPU
	EndGlobalSection
	GlobalSection(ProjectConfigurationPlatforms) = postSolution
		{A6449BC0-2724-4FBE-AD41-E748FC7B3ADD}.Debug|Any CPU.ActiveCfg = Debug|Any CPU
		{A6449BC0-2724-4FBE-AD41-E748FC7B3ADD}.Debug|Any CPU.Build.0 = Debug|Any CPU
		{A6449BC0-2724-4FBE-AD41-E748FC7B3ADD}.Release|Any CPU.ActiveCfg = Release|Any CPU
		{A6449BC0-2724-4FBE-AD41-E748FC7B3ADD}.Release|Any CPU.Build.0 = Release|Any CPU
		{DA0B32F4-6D5A-4466-8EBF-C7E694D2D930}.Debug|Any CPU.ActiveCfg = Debug|Any CPU
		{DA0B32F4-6D5A-4466-8EBF-C7E694D2D930}.Debug|Any CPU.Build.0 = Debug|Any CPU
		{DA0B32F4-6D5A-4466-8EBF-C7E694D2D930}.Release|Any CPU.ActiveCfg = Release|Any CPU
		{DA0B32F4-6D5A-4466-8EBF-C7E694D2D930}.Release|Any CPU.Build.0 = Release|Any CPU
	EndGlobalSection
	GlobalSection(SolutionProperties) = preSolution
		HideSolutionNode = FALSE
	EndGlobalSection
	GlobalSection(ExtensibilityGlobals) = postSolution
		SolutionGuid = {4238EFB9-8BA3-4EBA-89C8-656D8C6224EE}
	EndGlobalSection
EndGlobal
